{
    "_meta": {
        "hash": {
            "sha256": "ac40a18a462e55da1f7bddafac48b9298d507efd6696bc3fc8509471cdf9fd28"
        },
        "pipfile-spec": 6,
        "requires": {
            "python_version": "3.7"
        },
        "sources": [
            {
                "name": "pypi",
                "url": "https://pypi.org/simple",
                "verify_ssl": true
            }
        ]
    },
    "default": {
        "mido": {
            "hashes": [
                "sha256:c4a7d5528fefa3d3dcaa2056d4bc873e2c96a395658d15af5a89c8c3fa7c7acc",
                "sha256:fc6364efa028c8405166f63e6a83cbc6c17aaeac2c28680abe64ae48703a89dd"
            ],
            "index": "pypi",
            "version": "==1.2.9"
        },
        "pyserial": {
            "hashes": [
                "sha256:6e2d401fdee0eab996cf734e67773a0143b932772ca8b42451440cfed942c627",
                "sha256:e0770fadba80c31013896c7e6ef703f72e7834965954a78e71a3049488d4d7d8"
            ],
            "index": "pypi",
            "version": "==3.4"
        },
        "python-rtmidi": {
            "hashes": [
                "sha256:180fea4d35323e6dc2de397e15e213262aba1eb92f35d765ff9dda0978b764ec",
                "sha256:2a3cc68f9d4ed4b258b229700567d4a1a337024b617a6ae52079fdd9c16af8a4",
                "sha256:32fedd6dfc78023b5765221d1aa1f9fecc4c69e7c27fa06b091f4c4174219119",
                "sha256:3721ed3643f407cd96ad377cff0c2e28f2e8df0abbbe15a8a9668daae0b2b743",
                "sha256:75e59b7be66afaa94976d0395efb22a2977be9ff0fae6bdb1ed9ce0f42b69595",
                "sha256:7bfa18894d154b038f7f1f873c05fa0cfc75614c6ba6171ae1d3a784e197fb16",
                "sha256:c4bad65e004fcbd7059a8557cb918f74bb8268e9704beae01b2881114e801552",
                "sha256:c6f96ce85032f4ea78ba91c641e6d910b5847c9a429b7ef4242478e2960079ff",
                "sha256:e0a3a73ef42170ae074d0689c52af44a556d24feee7f264c93e589bc37737da7",
                "sha256:e9bf63fd93a2fca54781a6f1a5dc5a5e7fc965d0cf7b4c794abea28b600fbc55",
                "sha256:eb2b0ff69dcecaf73710073bded9e7cc39ab5f95105d59004f1e881ce3b6ae90",
                "sha256:fda10b2847dffdcc440225ac8e6e5c9ce0e4834a1c5e63a760e5cac08598df3b"
            ],
            "index": "pypi",
            "version": "==1.4.2"
        }
    },
    "develop": {}
}
